
Microsoft Visual Studio Solution File, Format Version 11.00
# Visual Studio 2010
Project("{FAE04EC0-301F-11D3-BF4B-00C04F79EFBC}") = "mine-sweeper", "mine-sweeper\mine-sweeper.csproj", "{E5258C82-0766-4DC9-908B-228DFDC1A347}"
EndProject
Global
	GlobalSection(SolutionConfigurationPlatforms) = preSolution
		Debug|x86 = Debug|x86
		Release|x86 = Release|x86
	EndGlobalSection
	GlobalSection(ProjectConfigurationPlatforms) = postSolution
		{E5258C82-0766-4DC9-908B-228DFDC1A347}.Debug|x86.ActiveCfg = Debug|x86
		{E5258C82-0766-4DC9-908B-228DFDC1A347}.Debug|x86.Build.0 = Debug|x86
		{E5258C82-0766-4DC9-908B-228DFDC1A347}.Release|x86.ActiveCfg = Release|x86
		{E5258C82-0766-4DC9-908B-228DFDC1A347}.Release|x86.Build.0 = Release|x86
	EndGlobalSection
	GlobalSection(SolutionProperties) = preSolution
		HideSolutionNode = FALSE
	EndGlobalSection
EndGlobal
